<?xml version="1.0" encoding="utf-8"?>
<Project ToolsVersion="4.0" xmlns="http://schemas.microsoft.com/developer/msbuild/2003">
  <ItemGroup>
    <Filter Include="Resources">
      <UniqueIdentifier>{67DA6AB6-F800-4c08-8B7A-83BB121AAD01}</UniqueIdentifier>
      <Extensions>rc;ico;cur;bmp;dlg;rc2;rct;bin;rgs;gif;jpg;jpeg;jpe;resx;tiff;tif;png;wav;mfcribbon-ms</Extensions>
    </Filter>
    <Filter Include="Sources">
      <UniqueIdentifier>{4FC737F1-C7A5-4376-A066-2A32D752A2FF}</UniqueIdentifier>
      <Extensions>cpp;c;cc;cxx;c++;cppm;ixx;def;odl;idl;hpj;bat;asm;asmx</Extensions>
    </Filter>
    <Filter Include="Headers">
      <UniqueIdentifier>{9a0f2e7b-ffa1-4b44-a395-9bd6fd53d016}</UniqueIdentifier>
    </Filter>
    <Filter Include="Headers\Resource">
      <UniqueIdentifier>{46afcfcd-cef1-4eb6-9b73-699f77cf59a6}</UniqueIdentifier>
    </Filter>
    <Filter Include="Sources\Resource">
      <UniqueIdentifier>{e8856fcf-f294-40ff-ae08-a264c327f6c8}</UniqueIdentifier>
    </Filter>
    <Filter Include="Headers\External">
      <UniqueIdentifier>{93bad8fd-e3e4-41bd-a903-0b4c209e1ea2}</UniqueIdentifier>
    </Filter>
  </ItemGroup>
  <ItemGroup>
    <None Include="packages.config" />
  </ItemGroup>
  <ItemGroup>
    <ClCompile Include="Src\DeviceResources.cpp">
      <Filter>Sources</Filter>
    </ClCompile>
    <ClCompile Include="Src\Framework.cpp">
      <Filter>Sources</Filter>
    </ClCompile>
    <ClCompile Include="Src\pch.cpp">
      <Filter>Sources</Filter>
    </ClCompile>
    <ClCompile Include="Src\Window.cpp">
      <Filter>Sources</Filter>
    </ClCompile>
    <ClCompile Include="Src\Platform.cpp">
      <Filter>Sources</Filter>
    </ClCompile>
    <ClCompile Include="Src\Application.cpp">
      <Filter>Sources</Filter>
    </ClCompile>
    <ClCompile Include="Src\PlatformWindows.cpp">
      <Filter>Sources</Filter>
    </ClCompile>
    <ClCompile Include="Src\WindowWindows.cpp">
      <Filter>Sources</Filter>
    </ClCompile>
    <ClCompile Include="Src\StepTimer.cpp">
      <Filter>Sources</Filter>
    </ClCompile>
    <ClCompile Include="Src\Utils.cpp">
      <Filter>Sources</Filter>
    </ClCompile>
    <ClCompile Include="Src\ShaderLoader.cpp">
      <Filter>Sources</Filter>
    </ClCompile>
    <ClCompile Include="Src\SwapChain.cpp">
      <Filter>Sources</Filter>
    </ClCompile>
    <ClCompile Include="Src\LoggerWindows.cpp">
      <Filter>Sources</Filter>
    </ClCompile>
    <ClCompile Include="Src\LazyDelegate.cpp">
      <Filter>Sources</Filter>
    </ClCompile>
    <ClCompile Include="Src\ImmediateContext.cpp">
      <Filter>Sources</Filter>
    </ClCompile>
    <ClCompile Include="Src\StagingBufferPool.cpp">
      <Filter>Sources\Resource</Filter>
    </ClCompile>
    <ClCompile Include="Src\VariableSizeAllocationsManager.cpp">
      <Filter>Sources\Resource</Filter>
    </ClCompile>
    <ClCompile Include="Src\ResourceHeapAllocator.cpp">
      <Filter>Sources\Resource</Filter>
    </ClCompile>
    <ClCompile Include="Src\DeferredContext.cpp">
      <Filter>Sources</Filter>
    </ClCompile>
    <ClCompile Include="Src\FormatUtils.cpp">
      <Filter>Sources</Filter>
    </ClCompile>
    <ClCompile Include="Src\ResourceCreate.cpp">
      <Filter>Sources\Resource</Filter>
    </ClCompile>
    <ClCompile Include="Src\Resource.cpp">
      <Filter>Sources\Resource</Filter>
    </ClCompile>
    <ClCompile Include="Src\ResourceTextureImpl.cpp">
      <Filter>Sources\Resource</Filter>
    </ClCompile>
    <ClCompile Include="Src\ResourceBufferImpl.cpp">
      <Filter>Sources\Resource</Filter>
    </ClCompile>
  </ItemGroup>
  <ItemGroup>
    <ClInclude Include="Inc\Window.h">
      <Filter>Headers</Filter>
    </ClInclude>
    <ClInclude Include="Inc\Framework.h">
      <Filter>Headers</Filter>
    </ClInclude>
    <ClInclude Include="Inc\Platform.h">
      <Filter>Headers</Filter>
    </ClInclude>
    <ClInclude Include="Inc\Application.h">
      <Filter>Headers</Filter>
    </ClInclude>
    <ClInclude Include="Inc\StepTimer.h">
      <Filter>Headers</Filter>
    </ClInclude>
    <ClInclude Include="Inc\PlatformWindows.h">
      <Filter>Headers</Filter>
    </ClInclude>
    <ClInclude Include="Inc\Utils.h">
      <Filter>Headers</Filter>
    </ClInclude>
    <ClInclude Include="Inc\WindowWindows.h">
      <Filter>Headers</Filter>
    </ClInclude>
    <ClInclude Include="Inc\ShaderLoader.h">
      <Filter>Headers</Filter>
    </ClInclude>
    <ClInclude Include="Inc\DeviceResources.h">
      <Filter>Headers</Filter>
    </ClInclude>
    <ClInclude Include="Inc\ImmediateContext.h">
      <Filter>Headers</Filter>
    </ClInclude>
    <ClInclude Include="Inc\SwapChain.h">
      <Filter>Headers</Filter>
    </ClInclude>
    <ClInclude Include="Inc\B3DInit.h">
      <Filter>Headers</Filter>
    </ClInclude>
    <ClInclude Include="Inc\Logger.h">
      <Filter>Headers</Filter>
    </ClInclude>
    <ClInclude Include="Inc\LoggerWindows.h">
      <Filter>Headers</Filter>
    </ClInclude>
    <ClInclude Include="Inc\LazyDelegate.h">
      <Filter>Headers</Filter>
    </ClInclude>
    <ClInclude Include="Inc\StagingBufferPool.h">
      <Filter>Headers\Resource</Filter>
    </ClInclude>
    <ClInclude Include="Inc\ResourceHeapAllocator.h">
      <Filter>Headers\Resource</Filter>
    </ClInclude>
    <ClInclude Include="Inc\ResourceHeapProperties.h">
      <Filter>Headers\Resource</Filter>
    </ClInclude>
    <ClInclude Include="Src\pch.h">
      <Filter>Sources</Filter>
    </ClInclude>
    <ClInclude Include="Inc\DeferredContext.h">
      <Filter>Headers</Filter>
    </ClInclude>
    <ClInclude Include="Inc\FormatUtils.h">
      <Filter>Headers</Filter>
    </ClInclude>
    <ClInclude Include="Inc\VariableSizeAllocationsManager.h">
      <Filter>Headers\Resource</Filter>
    </ClInclude>
    <ClInclude Include="Inc\ResourceCreate.h">
      <Filter>Headers\Resource</Filter>
    </ClInclude>
    <ClInclude Include="Inc\Resource.h">
      <Filter>Headers\Resource</Filter>
    </ClInclude>
    <ClInclude Include="Inc\ResourceBuffer.h">
      <Filter>Headers\Resource</Filter>
    </ClInclude>
    <ClInclude Include="Inc\ResourceTexture.h">
      <Filter>Headers\Resource</Filter>
    </ClInclude>
    <ClInclude Include="Src\ResourceImpl.h">
      <Filter>Sources\Resource</Filter>
    </ClInclude>
    <ClInclude Include="Src\ResourceBufferImpl.h">
      <Filter>Sources\Resource</Filter>
    </ClInclude>
    <ClInclude Include="Src\ResourceTextureImpl.h">
      <Filter>Sources\Resource</Filter>
    </ClInclude>
    <ClInclude Include="Inc\External\Camera.h">
      <Filter>Headers\External</Filter>
    </ClInclude>
    <ClInclude Include="Inc\B3DDescHelpers.h">
      <Filter>Headers</Filter>
    </ClInclude>
  </ItemGroup>
</Project>