<?xml version="1.0" encoding="utf-8"?>
<Project ToolsVersion="4.0" xmlns="http://schemas.microsoft.com/developer/msbuild/2003">
  <ItemGroup>
    <Filter Include="Sources">
      <UniqueIdentifier>{4FC737F1-C7A5-4376-A066-2A32D752A2FF}</UniqueIdentifier>
      <Extensions>cpp;c;cc;cxx;c++;cppm;ixx;def;odl;idl;hpj;bat;asm;asmx</Extensions>
    </Filter>
    <Filter Include="Headers">
      <UniqueIdentifier>{93995380-89BD-4b04-88EB-625FBE52EBFB}</UniqueIdentifier>
      <Extensions>h;hh;hpp;hxx;h++;hm;inl;inc;ipp;xsd</Extensions>
    </Filter>
    <Filter Include="Resources">
      <UniqueIdentifier>{67DA6AB6-F800-4c08-8B7A-83BB121AAD01}</UniqueIdentifier>
      <Extensions>rc;ico;cur;bmp;dlg;rc2;rct;bin;rgs;gif;jpg;jpeg;jpe;resx;tiff;tif;png;wav;mfcribbon-ms</Extensions>
    </Filter>
    <Filter Include="Sources\Components">
      <UniqueIdentifier>{df49f566-4948-4347-b15b-ed8456ab618c}</UniqueIdentifier>
    </Filter>
    <Filter Include="Sources\Loader">
      <UniqueIdentifier>{48c1f495-d52a-4f5f-beaa-ed25bc4c5186}</UniqueIdentifier>
    </Filter>
  </ItemGroup>
  <ItemGroup>
    <ClCompile Include="Src\pch.cpp">
      <Filter>Sources</Filter>
    </ClCompile>
    <ClCompile Include="Src\Scene.cpp">
      <Filter>Sources</Filter>
    </ClCompile>
    <ClCompile Include="Src\ScenesObject.cpp">
      <Filter>Sources</Filter>
    </ClCompile>
    <ClCompile Include="Src\ScenesImpl.cpp">
      <Filter>Sources</Filter>
    </ClCompile>
    <ClCompile Include="Src\Components\ValueComponent.cpp">
      <Filter>Sources\Components</Filter>
    </ClCompile>
    <ClCompile Include="Src\Components\TransformComponent.cpp">
      <Filter>Sources\Components</Filter>
    </ClCompile>
    <ClCompile Include="Src\Components\Node.cpp">
      <Filter>Sources</Filter>
    </ClCompile>
    <ClCompile Include="Src\Components\AABBComponent.cpp">
      <Filter>Sources\Components</Filter>
    </ClCompile>
    <ClCompile Include="Src\Components\CameraComponent.cpp">
      <Filter>Sources\Components</Filter>
    </ClCompile>
    <ClCompile Include="Src\Components\LightComponent.cpp">
      <Filter>Sources\Components</Filter>
    </ClCompile>
    <ClCompile Include="Src\Components\LightPropertyComponent.cpp">
      <Filter>Sources\Components</Filter>
    </ClCompile>
    <ClCompile Include="Src\Components\MaterialComponent.cpp">
      <Filter>Sources\Components</Filter>
    </ClCompile>
    <ClCompile Include="Src\Components\MaterialPropertyComponent.cpp">
      <Filter>Sources\Components</Filter>
    </ClCompile>
    <ClCompile Include="Src\Components\SamplerComponent.cpp">
      <Filter>Sources\Components</Filter>
    </ClCompile>
    <ClCompile Include="Src\Components\TextureComponent.cpp">
      <Filter>Sources\Components</Filter>
    </ClCompile>
    <ClCompile Include="Src\Components\BufferComponent.cpp">
      <Filter>Sources\Components</Filter>
    </ClCompile>
    <ClCompile Include="Src\Components\BufferViewComponent.cpp">
      <Filter>Sources\Components</Filter>
    </ClCompile>
    <ClCompile Include="Src\Components\IndexLayoutComponent.cpp">
      <Filter>Sources\Components</Filter>
    </ClCompile>
    <ClCompile Include="Src\Components\MeshComponent.cpp">
      <Filter>Sources\Components</Filter>
    </ClCompile>
    <ClCompile Include="Src\Components\SubmeshComponent.cpp">
      <Filter>Sources\Components</Filter>
    </ClCompile>
    <ClCompile Include="Src\Components\VertexElementComponent.cpp">
      <Filter>Sources\Components</Filter>
    </ClCompile>
    <ClCompile Include="Src\Components\VertexLayoutComponent.cpp">
      <Filter>Sources\Components</Filter>
    </ClCompile>
    <ClCompile Include="Src\Components\IndexBufferComponent.cpp">
      <Filter>Sources\Components</Filter>
    </ClCompile>
    <ClCompile Include="Src\Components\VertexBufferComponent.cpp">
      <Filter>Sources\Components</Filter>
    </ClCompile>
    <ClCompile Include="Src\Loader\ScenesLoaderGltf.cpp">
      <Filter>Sources\Loader</Filter>
    </ClCompile>
  </ItemGroup>
  <ItemGroup>
    <ClInclude Include="Inc\Scenes.h">
      <Filter>Headers</Filter>
    </ClInclude>
    <ClInclude Include="Src\pch.h">
      <Filter>Sources</Filter>
    </ClInclude>
    <ClInclude Include="Src\ScenesObject.h">
      <Filter>Sources</Filter>
    </ClInclude>
    <ClInclude Include="Src\Scene.h">
      <Filter>Sources</Filter>
    </ClInclude>
    <ClInclude Include="Src\ScenesImpl.h">
      <Filter>Sources</Filter>
    </ClInclude>
    <ClInclude Include="Src\Components\ValueComponent.h">
      <Filter>Sources\Components</Filter>
    </ClInclude>
    <ClInclude Include="Src\Components\TransformComponent.h">
      <Filter>Sources\Components</Filter>
    </ClInclude>
    <ClInclude Include="Src\Components\Node.h">
      <Filter>Sources</Filter>
    </ClInclude>
    <ClInclude Include="Src\Components\AABBComponent.h">
      <Filter>Sources\Components</Filter>
    </ClInclude>
    <ClInclude Include="Src\Components\CameraComponent.h">
      <Filter>Sources\Components</Filter>
    </ClInclude>
    <ClInclude Include="Src\Components\LightComponent.h">
      <Filter>Sources\Components</Filter>
    </ClInclude>
    <ClInclude Include="Src\Components\LightPropertyComponent.h">
      <Filter>Sources\Components</Filter>
    </ClInclude>
    <ClInclude Include="Src\Components\MaterialComponent.h">
      <Filter>Sources\Components</Filter>
    </ClInclude>
    <ClInclude Include="Src\Components\MaterialPropertyComponent.h">
      <Filter>Sources\Components</Filter>
    </ClInclude>
    <ClInclude Include="Src\Components\SamplerComponent.h">
      <Filter>Sources\Components</Filter>
    </ClInclude>
    <ClInclude Include="Src\Components\TextureComponent.h">
      <Filter>Sources\Components</Filter>
    </ClInclude>
    <ClInclude Include="Src\Components\BufferComponent.h">
      <Filter>Sources\Components</Filter>
    </ClInclude>
    <ClInclude Include="Src\Components\BufferViewComponent.h">
      <Filter>Sources\Components</Filter>
    </ClInclude>
    <ClInclude Include="Src\Components\IndexLayoutComponent.h">
      <Filter>Sources\Components</Filter>
    </ClInclude>
    <ClInclude Include="Src\Components\MeshComponent.h">
      <Filter>Sources\Components</Filter>
    </ClInclude>
    <ClInclude Include="Src\Components\SubmeshComponent.h">
      <Filter>Sources\Components</Filter>
    </ClInclude>
    <ClInclude Include="Src\Components\VertexElementComponent.h">
      <Filter>Sources\Components</Filter>
    </ClInclude>
    <ClInclude Include="Src\Components\VertexLayoutComponent.h">
      <Filter>Sources\Components</Filter>
    </ClInclude>
    <ClInclude Include="Src\Components\IndexBufferComponent.h">
      <Filter>Sources\Components</Filter>
    </ClInclude>
    <ClInclude Include="Src\Components\VertexBufferComponent.h">
      <Filter>Sources\Components</Filter>
    </ClInclude>
    <ClInclude Include="Inc\ScenesLoader.h">
      <Filter>Headers</Filter>
    </ClInclude>
    <ClInclude Include="Src\Loader\ScenesLoaderGltf.h">
      <Filter>Sources\Loader</Filter>
    </ClInclude>
  </ItemGroup>
  <ItemGroup>
    <None Include="packages.config" />
    <None Include="Src\Components\_comptemp.h">
      <Filter>Sources\Components</Filter>
    </None>
    <None Include="Src\Components\_comptemp.cpp">
      <Filter>Sources\Components</Filter>
    </None>
  </ItemGroup>
</Project>